
Microsoft Visual Studio Solution File, Format Version 12.00
# Visual Studio Version 16
VisualStudioVersion = 16.0.31702.278
MinimumVisualStudioVersion = 10.0.40219.1
Project("{FAE04EC0-301F-11D3-BF4B-00C04F79EFBC}") = "MVC_Learning", "MVC_Learning.csproj", "{77F86913-69D1-4D4B-9AD5-DCDD914787DD}"
EndProject
Global
	GlobalSection(SolutionConfigurationPlatforms) = preSolution
		Debug|Any CPU = Debug|Any CPU
		Release|Any CPU = Release|Any CPU
	EndGlobalSection
	GlobalSection(ProjectConfigurationPlatforms) = postSolution
		{77F86913-69D1-4D4B-9AD5-DCDD914787DD}.Debug|Any CPU.ActiveCfg = Debug|Any CPU
		{77F86913-69D1-4D4B-9AD5-DCDD914787DD}.Debug|Any CPU.Build.0 = Debug|Any CPU
		{77F86913-69D1-4D4B-9AD5-DCDD914787DD}.Release|Any CPU.ActiveCfg = Release|Any CPU
		{77F86913-69D1-4D4B-9AD5-DCDD914787DD}.Release|Any CPU.Build.0 = Release|Any CPU
	EndGlobalSection
	GlobalSection(SolutionProperties) = preSolution
		HideSolutionNode = FALSE
	EndGlobalSection
	GlobalSection(ExtensibilityGlobals) = postSolution
		SolutionGuid = {74038BFF-58E0-450A-8E11-1831CF5B023E}
	EndGlobalSection
EndGlobal
